
Microsoft Visual Studio Solution File, Format Version 12.00
# Visual Studio Version 18
VisualStudioVersion = 18.4.11605.240 stable
MinimumVisualStudioVersion = 10.0.40219.1
Project("{FAE04EC0-301F-11D3-BF4B-00C04F79EFBC}") = "Nuget_dependency", "WindowsFormsApp1\Nuget_dependency.csproj", "{AB0FD2F9-D70C-42D8-B83E-9798BDE83D03}"
EndProject
Global
	GlobalSection(SolutionConfigurationPlatforms) = preSolution
		Debug|Any CPU = Debug|Any CPU
		Release|Any CPU = Release|Any CPU
	EndGlobalSection
	GlobalSection(ProjectConfigurationPlatforms) = postSolution
		{AB0FD2F9-D70C-42D8-B83E-9798BDE83D03}.Debug|Any CPU.ActiveCfg = Debug|Any CPU
		{AB0FD2F9-D70C-42D8-B83E-9798BDE83D03}.Debug|Any CPU.Build.0 = Debug|Any CPU
		{AB0FD2F9-D70C-42D8-B83E-9798BDE83D03}.Release|Any CPU.ActiveCfg = Release|Any CPU
		{AB0FD2F9-D70C-42D8-B83E-9798BDE83D03}.Release|Any CPU.Build.0 = Release|Any CPU
	EndGlobalSection
	GlobalSection(SolutionProperties) = preSolution
		HideSolutionNode = FALSE
	EndGlobalSection
	GlobalSection(ExtensibilityGlobals) = postSolution
		SolutionGuid = {21819EDF-8324-4B46-BEA4-C5F807FB6D4F}
	EndGlobalSection
EndGlobal
